// !$*UTF8*$!
{
	archiveVersion = 1;
	classes = {
	};
	objectVersion = 77;
	objects = {

/* Begin PBXBuildFile section */
		5B033AD82ECFE9EF00A538AB /* HangeulTile.swift in Sources */ = {isa = PBXBuildFile; fileRef = 5B033ABC2ECFE9EF00A538AB /* HangeulTile.swift */; };
		5B033AD92ECFE9EF00A538AB /* HangeulTileCell.swift in Sources */ = {isa = PBXBuildFile; fileRef = 5B033ABE2ECFE9EF00A538AB /* HangeulTileCell.swift */; };
		5B033ADA2ECFE9EF00A538AB /* ToastView.swift in Sources */ = {isa = PBXBuildFile; fileRef = 5B033ABF2ECFE9EF00A538AB /* ToastView.swift */; };
		5B033ADB2ECFE9EF00A538AB /* AppDelegate.swift in Sources */ = {isa = PBXBuildFile; fileRef = 5B033AC12ECFE9EF00A538AB /* AppDelegate.swift */; };
		5B033ADC2ECFE9EF00A538AB /* Level1Config.swift in Sources */ = {isa = PBXBuildFile; fileRef = 5B033AC62ECFE9EF00A538AB /* Level1Config.swift */; };
		5B033ADE2ECFE9EF00A538AB /* Level2Config.swift in Sources */ = {isa = PBXBuildFile; fileRef = 5B033AC82ECFE9EF00A538AB /* Level2Config.swift */; };
		5B033AE02ECFE9EF00A538AB /* Level3Config.swift in Sources */ = {isa = PBXBuildFile; fileRef = 5B033ACA2ECFE9EF00A538AB /* Level3Config.swift */; };
		5B033AE52ECFE9EF00A538AB /* SceneDelegate.swift in Sources */ = {isa = PBXBuildFile; fileRef = 5B033AD12ECFE9EF00A538AB /* SceneDelegate.swift */; };
		5B033AE62ECFE9EF00A538AB /* SyllableCongratsCell.swift in Sources */ = {isa = PBXBuildFile; fileRef = 5B033AD22ECFE9EF00A538AB /* SyllableCongratsCell.swift */; };
		5B033AE72ECFE9EF00A538AB /* SyllablePageCell.swift in Sources */ = {isa = PBXBuildFile; fileRef = 5B033AD32ECFE9EF00A538AB /* SyllablePageCell.swift */; };
		5B033AE92ECFE9EF00A538AB /* Theme.swift in Sources */ = {isa = PBXBuildFile; fileRef = 5B033AD52ECFE9EF00A538AB /* Theme.swift */; };
		5B033AEA2ECFE9EF00A538AB /* ViewController.swift in Sources */ = {isa = PBXBuildFile; fileRef = 5B033AD62ECFE9EF00A538AB /* ViewController.swift */; };
		5B033AEB2ECFE9EF00A538AB /* Assets.xcassets in Resources */ = {isa = PBXBuildFile; fileRef = 5B033AC22ECFE9EF00A538AB /* Assets.xcassets */; };
		5B033AED2ECFE9EF00A538AB /* LaunchScreen.storyboard in Resources */ = {isa = PBXBuildFile; fileRef = 5B033AC52ECFE9EF00A538AB /* LaunchScreen.storyboard */; };
		5B033AEE2ECFE9EF00A538AB /* Main.storyboard in Resources */ = {isa = PBXBuildFile; fileRef = 5B033ACF2ECFE9EF00A538AB /* Main.storyboard */; };
		5B033AFE2ECFEA5D00A538AB /* Level1ViewController.swift in Sources */ = {isa = PBXBuildFile; fileRef = 5B033AF32ECFEA5D00A538AB /* Level1ViewController.swift */; };
		5B033AFF2ECFEA5D00A538AB /* Level2ViewController.swift in Sources */ = {isa = PBXBuildFile; fileRef = 5B033AF42ECFEA5D00A538AB /* Level2ViewController.swift */; };
		5B033B002ECFEA5D00A538AB /* Level3ViewController.swift in Sources */ = {isa = PBXBuildFile; fileRef = 5B033AF52ECFEA5D00A538AB /* Level3ViewController.swift */; };
		5B033B012ECFEA5D00A538AB /* Level4ViewController.swift in Sources */ = {isa = PBXBuildFile; fileRef = 5B033AF62ECFEA5D00A538AB /* Level4ViewController.swift */; };
		5B033B022ECFEA5D00A538AB /* Level5ViewController.swift in Sources */ = {isa = PBXBuildFile; fileRef = 5B033AF72ECFEA5D00A538AB /* Level5ViewController.swift */; };
		5B033B032ECFEA5D00A538AB /* MainViewController.swift in Sources */ = {isa = PBXBuildFile; fileRef = 5B033AF92ECFEA5D00A538AB /* MainViewController.swift */; };
		5B033B042ECFEA5D00A538AB /* SyllableReviewViewController.swift in Sources */ = {isa = PBXBuildFile; fileRef = 5B033AFB2ECFEA5D00A538AB /* SyllableReviewViewController.swift */; };
		5B033B0C2ED0294F00A538AB /* Level3SyllabelLexicon.swift in Sources */ = {isa = PBXBuildFile; fileRef = 5B033B0B2ED0294F00A538AB /* Level3SyllabelLexicon.swift */; };
		5B033B0E2ED02CEC00A538AB /* Level3List.json in Resources */ = {isa = PBXBuildFile; fileRef = 5B033B0D2ED02CEC00A538AB /* Level3List.json */; };
/* End PBXBuildFile section */

/* Begin PBXFileReference section */
		5B033ABC2ECFE9EF00A538AB /* HangeulTile.swift */ = {isa = PBXFileReference; lastKnownFileType = sourcecode.swift; path = HangeulTile.swift; sourceTree = "<group>"; };
		5B033ABE2ECFE9EF00A538AB /* HangeulTileCell.swift */ = {isa = PBXFileReference; lastKnownFileType = sourcecode.swift; path = HangeulTileCell.swift; sourceTree = "<group>"; };
		5B033ABF2ECFE9EF00A538AB /* ToastView.swift */ = {isa = PBXFileReference; lastKnownFileType = sourcecode.swift; path = ToastView.swift; sourceTree = "<group>"; };
		5B033AC12ECFE9EF00A538AB /* AppDelegate.swift */ = {isa = PBXFileReference; lastKnownFileType = sourcecode.swift; path = AppDelegate.swift; sourceTree = "<group>"; };
		5B033AC22ECFE9EF00A538AB /* Assets.xcassets */ = {isa = PBXFileReference; lastKnownFileType = folder.assetcatalog; path = Assets.xcassets; sourceTree = "<group>"; };
		5B033AC32ECFE9EF00A538AB /* Info.plist */ = {isa = PBXFileReference; lastKnownFileType = text.plist.xml; path = Info.plist; sourceTree = "<group>"; };
		5B033AC42ECFE9EF00A538AB /* Base */ = {isa = PBXFileReference; lastKnownFileType = file.storyboard; name = Base; path = Base.lproj/LaunchScreen.storyboard; sourceTree = "<group>"; };
		5B033AC62ECFE9EF00A538AB /* Level1Config.swift */ = {isa = PBXFileReference; lastKnownFileType = sourcecode.swift; path = Level1Config.swift; sourceTree = "<group>"; };
		5B033AC82ECFE9EF00A538AB /* Level2Config.swift */ = {isa = PBXFileReference; lastKnownFileType = sourcecode.swift; path = Level2Config.swift; sourceTree = "<group>"; };
		5B033ACA2ECFE9EF00A538AB /* Level3Config.swift */ = {isa = PBXFileReference; lastKnownFileType = sourcecode.swift; path = Level3Config.swift; sourceTree = "<group>"; };
		5B033ACE2ECFE9EF00A538AB /* Base */ = {isa = PBXFileReference; lastKnownFileType = file.storyboard; name = Base; path = Base.lproj/Main.storyboard; sourceTree = "<group>"; };
		5B033AD12ECFE9EF00A538AB /* SceneDelegate.swift */ = {isa = PBXFileReference; lastKnownFileType = sourcecode.swift; path = SceneDelegate.swift; sourceTree = "<group>"; };
		5B033AD22ECFE9EF00A538AB /* SyllableCongratsCell.swift */ = {isa = PBXFileReference; lastKnownFileType = sourcecode.swift; path = SyllableCongratsCell.swift; sourceTree = "<group>"; };
		5B033AD32ECFE9EF00A538AB /* SyllablePageCell.swift */ = {isa = PBXFileReference; lastKnownFileType = sourcecode.swift; path = SyllablePageCell.swift; sourceTree = "<group>"; };
		5B033AD52ECFE9EF00A538AB /* Theme.swift */ = {isa = PBXFileReference; lastKnownFileType = sourcecode.swift; path = Theme.swift; sourceTree = "<group>"; };
		5B033AD62ECFE9EF00A538AB /* ViewController.swift */ = {isa = PBXFileReference; lastKnownFileType = sourcecode.swift; path = ViewController.swift; sourceTree = "<group>"; };
		5B033AF32ECFEA5D00A538AB /* Level1ViewController.swift */ = {isa = PBXFileReference; lastKnownFileType = sourcecode.swift; path = Level1ViewController.swift; sourceTree = "<group>"; };
		5B033AF42ECFEA5D00A538AB /* Level2ViewController.swift */ = {isa = PBXFileReference; lastKnownFileType = sourcecode.swift; path = Level2ViewController.swift; sourceTree = "<group>"; };
		5B033AF52ECFEA5D00A538AB /* Level3ViewController.swift */ = {isa = PBXFileReference; lastKnownFileType = sourcecode.swift; path = Level3ViewController.swift; sourceTree = "<group>"; };
		5B033AF62ECFEA5D00A538AB /* Level4ViewController.swift */ = {isa = PBXFileReference; lastKnownFileType = sourcecode.swift; path = Level4ViewController.swift; sourceTree = "<group>"; };
		5B033AF72ECFEA5D00A538AB /* Level5ViewController.swift */ = {isa = PBXFileReference; lastKnownFileType = sourcecode.swift; path = Level5ViewController.swift; sourceTree = "<group>"; };
		5B033AF92ECFEA5D00A538AB /* MainViewController.swift */ = {isa = PBXFileReference; lastKnownFileType = sourcecode.swift; path = MainViewController.swift; sourceTree = "<group>"; };
		5B033AFB2ECFEA5D00A538AB /* SyllableReviewViewController.swift */ = {isa = PBXFileReference; lastKnownFileType = sourcecode.swift; path = SyllableReviewViewController.swift; sourceTree = "<group>"; };
		5B033B0B2ED0294F00A538AB /* Level3SyllabelLexicon.swift */ = {isa = PBXFileReference; lastKnownFileType = sourcecode.swift; path = Level3SyllabelLexicon.swift; sourceTree = "<group>"; };
		5B033B0D2ED02CEC00A538AB /* Level3List.json */ = {isa = PBXFileReference; lastKnownFileType = text.json; path = Level3List.json; sourceTree = "<group>"; };
		5B8D42C92ECD5BDF007C6FAC /* Hango-ios.app */ = {isa = PBXFileReference; explicitFileType = wrapper.application; includeInIndex = 0; path = "Hango-ios.app"; sourceTree = BUILT_PRODUCTS_DIR; };
/* End PBXFileReference section */

/* Begin PBXFrameworksBuildPhase section */
		5B8D42C62ECD5BDF007C6FAC /* Frameworks */ = {
			isa = PBXFrameworksBuildPhase;
			buildActionMask = 2147483647;
			files = (
			);
			runOnlyForDeploymentPostprocessing = 0;
		};
/* End PBXFrameworksBuildPhase section */

/* Begin PBXGroup section */
		5B033ABD2ECFE9EF00A538AB /* Model */ = {
			isa = PBXGroup;
			children = (
				5B033ABC2ECFE9EF00A538AB /* HangeulTile.swift */,
			);
			path = Model;
			sourceTree = "<group>";
		};
		5B033AC02ECFE9EF00A538AB /* View */ = {
			isa = PBXGroup;
			children = (
				5B033ABE2ECFE9EF00A538AB /* HangeulTileCell.swift */,
				5B033ABF2ECFE9EF00A538AB /* ToastView.swift */,
				5B033AD22ECFE9EF00A538AB /* SyllableCongratsCell.swift */,
				5B033AD32ECFE9EF00A538AB /* SyllablePageCell.swift */,
			);
			path = View;
			sourceTree = "<group>";
		};
		5B033AD72ECFE9EF00A538AB /* Hango-ios */ = {
			isa = PBXGroup;
			children = (
				5B033ABD2ECFE9EF00A538AB /* Model */,
				5B033AC02ECFE9EF00A538AB /* View */,
				5B033AFD2ECFEA5D00A538AB /* ViewControllers */,
				5B033B062ECFEA8B00A538AB /* Config */,
				5B033AD52ECFE9EF00A538AB /* Theme.swift */,
				5B033AD62ECFE9EF00A538AB /* ViewController.swift */,
				5B033AD12ECFE9EF00A538AB /* SceneDelegate.swift */,
				5B033AC12ECFE9EF00A538AB /* AppDelegate.swift */,
				5B033AC52ECFE9EF00A538AB /* LaunchScreen.storyboard */,
				5B033ACF2ECFE9EF00A538AB /* Main.storyboard */,
				5B033AC22ECFE9EF00A538AB /* Assets.xcassets */,
				5B033AC32ECFE9EF00A538AB /* Info.plist */,
				5B033B0B2ED0294F00A538AB /* Level3SyllabelLexicon.swift */,
				5B033B0D2ED02CEC00A538AB /* Level3List.json */,
			);
			path = "Hango-ios";
			sourceTree = "<group>";
		};
		5B033AF82ECFEA5D00A538AB /* Game */ = {
			isa = PBXGroup;
			children = (
				5B033AF32ECFEA5D00A538AB /* Level1ViewController.swift */,
				5B033AF42ECFEA5D00A538AB /* Level2ViewController.swift */,
				5B033AF52ECFEA5D00A538AB /* Level3ViewController.swift */,
				5B033AF62ECFEA5D00A538AB /* Level4ViewController.swift */,
				5B033AF72ECFEA5D00A538AB /* Level5ViewController.swift */,
			);
			path = Game;
			sourceTree = "<group>";
		};
		5B033AFA2ECFEA5D00A538AB /* Main */ = {
			isa = PBXGroup;
			children = (
				5B033AF92ECFEA5D00A538AB /* MainViewController.swift */,
			);
			path = Main;
			sourceTree = "<group>";
		};
		5B033AFC2ECFEA5D00A538AB /* Review */ = {
			isa = PBXGroup;
			children = (
				5B033AFB2ECFEA5D00A538AB /* SyllableReviewViewController.swift */,
			);
			path = Review;
			sourceTree = "<group>";
		};
		5B033AFD2ECFEA5D00A538AB /* ViewControllers */ = {
			isa = PBXGroup;
			children = (
				5B033AF82ECFEA5D00A538AB /* Game */,
				5B033AFA2ECFEA5D00A538AB /* Main */,
				5B033AFC2ECFEA5D00A538AB /* Review */,
			);
			path = ViewControllers;
			sourceTree = "<group>";
		};
		5B033B062ECFEA8B00A538AB /* Config */ = {
			isa = PBXGroup;
			children = (
				5B033AC62ECFE9EF00A538AB /* Level1Config.swift */,
				5B033AC82ECFE9EF00A538AB /* Level2Config.swift */,
				5B033ACA2ECFE9EF00A538AB /* Level3Config.swift */,
			);
			path = Config;
			sourceTree = "<group>";
		};
		5B8D42C02ECD5BDF007C6FAC = {
			isa = PBXGroup;
			children = (
				5B033AD72ECFE9EF00A538AB /* Hango-ios */,
				5B8D42CA2ECD5BDF007C6FAC /* Products */,
			);
			sourceTree = "<group>";
		};
		5B8D42CA2ECD5BDF007C6FAC /* Products */ = {
			isa = PBXGroup;
			children = (
				5B8D42C92ECD5BDF007C6FAC /* Hango-ios.app */,
			);
			name = Products;
			sourceTree = "<group>";
		};
/* End PBXGroup section */

/* Begin PBXNativeTarget section */
		5B8D42C82ECD5BDF007C6FAC /* Hango-ios */ = {
			isa = PBXNativeTarget;
			buildConfigurationList = 5B8D42DC2ECD5BE2007C6FAC /* Build configuration list for PBXNativeTarget "Hango-ios" */;
			buildPhases = (
				5B8D42C52ECD5BDF007C6FAC /* Sources */,
				5B8D42C62ECD5BDF007C6FAC /* Frameworks */,
				5B8D42C72ECD5BDF007C6FAC /* Resources */,
			);
			buildRules = (
			);
			dependencies = (
			);
			name = "Hango-ios";
			packageProductDependencies = (
			);
			productName = "Hango-ios";
			productReference = 5B8D42C92ECD5BDF007C6FAC /* Hango-ios.app */;
			productType = "com.apple.product-type.application";
		};
/* End PBXNativeTarget section */

/* Begin PBXProject section */
		5B8D42C12ECD5BDF007C6FAC /* Project object */ = {
			isa = PBXProject;
			attributes = {
				BuildIndependentTargetsInParallel = 1;
				LastSwiftUpdateCheck = 2600;
				LastUpgradeCheck = 2600;
				TargetAttributes = {
					5B8D42C82ECD5BDF007C6FAC = {
						CreatedOnToolsVersion = 26.0.1;
					};
				};
			};
			buildConfigurationList = 5B8D42C42ECD5BDF007C6FAC /* Build configuration list for PBXProject "Hango-ios" */;
			developmentRegion = en;
			hasScannedForEncodings = 0;
			knownRegions = (
				en,
				Base,
			);
			mainGroup = 5B8D42C02ECD5BDF007C6FAC;
			minimizedProjectReferenceProxies = 1;
			preferredProjectObjectVersion = 77;
			productRefGroup = 5B8D42CA2ECD5BDF007C6FAC /* Products */;
			projectDirPath = "";
			projectRoot = "";
			targets = (
				5B8D42C82ECD5BDF007C6FAC /* Hango-ios */,
			);
		};
/* End PBXProject section */

/* Begin PBXResourcesBuildPhase section */
		5B8D42C72ECD5BDF007C6FAC /* Resources */ = {
			isa = PBXResourcesBuildPhase;
			buildActionMask = 2147483647;
			files = (
				5B033AEB2ECFE9EF00A538AB /* Assets.xcassets in Resources */,
				5B033AED2ECFE9EF00A538AB /* LaunchScreen.storyboard in Resources */,
				5B033B0E2ED02CEC00A538AB /* Level3List.json in Resources */,
				5B033AEE2ECFE9EF00A538AB /* Main.storyboard in Resources */,
			);
			runOnlyForDeploymentPostprocessing = 0;
		};
/* End PBXResourcesBuildPhase section */

/* Begin PBXSourcesBuildPhase section */
		5B8D42C52ECD5BDF007C6FAC /* Sources */ = {
			isa = PBXSourcesBuildPhase;
			buildActionMask = 2147483647;
			files = (
				5B033AD82ECFE9EF00A538AB /* HangeulTile.swift in Sources */,
				5B033AD92ECFE9EF00A538AB /* HangeulTileCell.swift in Sources */,
				5B033ADA2ECFE9EF00A538AB /* ToastView.swift in Sources */,
				5B033ADB2ECFE9EF00A538AB /* AppDelegate.swift in Sources */,
				5B033ADC2ECFE9EF00A538AB /* Level1Config.swift in Sources */,
				5B033ADE2ECFE9EF00A538AB /* Level2Config.swift in Sources */,
				5B033AE02ECFE9EF00A538AB /* Level3Config.swift in Sources */,
				5B033AE52ECFE9EF00A538AB /* SceneDelegate.swift in Sources */,
				5B033AE62ECFE9EF00A538AB /* SyllableCongratsCell.swift in Sources */,
				5B033AFE2ECFEA5D00A538AB /* Level1ViewController.swift in Sources */,
				5B033AFF2ECFEA5D00A538AB /* Level2ViewController.swift in Sources */,
				5B033B002ECFEA5D00A538AB /* Level3ViewController.swift in Sources */,
				5B033B012ECFEA5D00A538AB /* Level4ViewController.swift in Sources */,
				5B033B022ECFEA5D00A538AB /* Level5ViewController.swift in Sources */,
				5B033B032ECFEA5D00A538AB /* MainViewController.swift in Sources */,
				5B033B042ECFEA5D00A538AB /* SyllableReviewViewController.swift in Sources */,
				5B033AE72ECFE9EF00A538AB /* SyllablePageCell.swift in Sources */,
				5B033AE92ECFE9EF00A538AB /* Theme.swift in Sources */,
				5B033AEA2ECFE9EF00A538AB /* ViewController.swift in Sources */,
				5B033B0C2ED0294F00A538AB /* Level3SyllabelLexicon.swift in Sources */,
			);
			runOnlyForDeploymentPostprocessing = 0;
		};
/* End PBXSourcesBuildPhase section */

/* Begin PBXVariantGroup section */
		5B033AC52ECFE9EF00A538AB /* LaunchScreen.storyboard */ = {
			isa = PBXVariantGroup;
			children = (
				5B033AC42ECFE9EF00A538AB /* Base */,
			);
			name = LaunchScreen.storyboard;
			sourceTree = "<group>";
		};
		5B033ACF2ECFE9EF00A538AB /* Main.storyboard */ = {
			isa = PBXVariantGroup;
			children = (
				5B033ACE2ECFE9EF00A538AB /* Base */,
			);
			name = Main.storyboard;
			sourceTree = "<group>";
		};
/* End PBXVariantGroup section */

/* Begin XCBuildConfiguration section */
		5B8D42DD2ECD5BE2007C6FAC /* Debug */ = {
			isa = XCBuildConfiguration;
			buildSettings = {
				ASSETCATALOG_COMPILER_APPICON_NAME = AppIcon;
				ASSETCATALOG_COMPILER_GLOBAL_ACCENT_COLOR_NAME = AccentColor;
				CODE_SIGN_IDENTITY = "Apple Development";
				CODE_SIGN_STYLE = Automatic;
				CURRENT_PROJECT_VERSION = 1;
				DEVELOPMENT_TEAM = LX474376F5;
				GENERATE_INFOPLIST_FILE = YES;
				INFOPLIST_FILE = "Hango-ios/Info.plist";
				INFOPLIST_KEY_CFBundleDisplayName = Hango;
				INFOPLIST_KEY_LSApplicationCategoryType = "public.app-category.educational-games";
				INFOPLIST_KEY_UIApplicationSupportsIndirectInputEvents = YES;
				INFOPLIST_KEY_UILaunchStoryboardName = LaunchScreen;
				INFOPLIST_KEY_UIMainStoryboardFile = Main;
				INFOPLIST_KEY_UISupportedInterfaceOrientations = "UIInterfaceOrientationLandscapeLeft UIInterfaceOrientationLandscapeRight UIInterfaceOrientationPortrait";
				IPHONEOS_DEPLOYMENT_TARGET = 18.0;
				LD_RUNPATH_SEARCH_PATHS = (
					"$(inherited)",
					"@executable_path/Frameworks",
				);
				MARKETING_VERSION = 1.0;
				PRODUCT_BUNDLE_IDENTIFIER = com.reaLife.Hango;
				PRODUCT_NAME = "$(TARGET_NAME)";
				PROVISIONING_PROFILE_SPECIFIER = "";
				STRING_CATALOG_GENERATE_SYMBOLS = YES;
				SUPPORTED_PLATFORMS = "iphoneos iphonesimulator";
				SUPPORTS_MACCATALYST = NO;
				SUPPORTS_MAC_DESIGNED_FOR_IPHONE_IPAD = NO;
				SUPPORTS_XR_DESIGNED_FOR_IPHONE_IPAD = NO;
				SWIFT_APPROACHABLE_CONCURRENCY = YES;
				SWIFT_DEFAULT_ACTOR_ISOLATION = MainActor;
				SWIFT_EMIT_LOC_STRINGS = YES;
				SWIFT_UPCOMING_FEATURE_MEMBER_IMPORT_VISIBILITY = YES;
				SWIFT_VERSION = 5.0;
				TARGETED_DEVICE_FAMILY = 1;
			};
			name = Debug;
		};
		5B8D42DE2ECD5BE2007C6FAC /* Release */ = {
			isa = XCBuildConfiguration;
			buildSettings = {
				ASSETCATALOG_COMPILER_APPICON_NAME = AppIcon;
				ASSETCATALOG_COMPILER_GLOBAL_ACCENT_COLOR_NAME = AccentColor;
				CODE_SIGN_IDENTITY = "Apple Development";
				CODE_SIGN_STYLE = Automatic;
				CURRENT_PROJECT_VERSION = 1;
				DEVELOPMENT_TEAM = LX474376F5;
				GENERATE_INFOPLIST_FILE = YES;
				INFOPLIST_FILE = "Hango-ios/Info.plist";
				INFOPLIST_KEY_CFBundleDisplayName = Hango;
				INFOPLIST_KEY_LSApplicationCategoryType = "public.app-category.educational-games";
				INFOPLIST_KEY_UIApplicationSupportsIndirectInputEvents = YES;
				INFOPLIST_KEY_UILaunchStoryboardName = LaunchScreen;
				INFOPLIST_KEY_UIMainStoryboardFile = Main;
				INFOPLIST_KEY_UISupportedInterfaceOrientations = "UIInterfaceOrientationLandscapeLeft UIInterfaceOrientationLandscapeRight UIInterfaceOrientationPortrait";
				IPHONEOS_DEPLOYMENT_TARGET = 18.0;
				LD_RUNPATH_SEARCH_PATHS = (
					"$(inherited)",
					"@executable_path/Frameworks",
				);
				MARKETING_VERSION = 1.0;
				PRODUCT_BUNDLE_IDENTIFIER = com.reaLife.Hango;
				PRODUCT_NAME = "$(TARGET_NAME)";
				PROVISIONING_PROFILE_SPECIFIER = "";
				STRING_CATALOG_GENERATE_SYMBOLS = YES;
				SUPPORTED_PLATFORMS = "iphoneos iphonesimulator";
				SUPPORTS_MACCATALYST = NO;
				SUPPORTS_MAC_DESIGNED_FOR_IPHONE_IPAD = NO;
				SUPPORTS_XR_DESIGNED_FOR_IPHONE_IPAD = NO;
				SWIFT_APPROACHABLE_CONCURRENCY = YES;
				SWIFT_DEFAULT_ACTOR_ISOLATION = MainActor;
				SWIFT_EMIT_LOC_STRINGS = YES;
				SWIFT_UPCOMING_FEATURE_MEMBER_IMPORT_VISIBILITY = YES;
				SWIFT_VERSION = 5.0;
				TARGETED_DEVICE_FAMILY = 1;
			};
			name = Release;
		};
		5B8D42DF2ECD5BE2007C6FAC /* Debug */ = {
			isa = XCBuildConfiguration;
			buildSettings = {
				ALWAYS_SEARCH_USER_PATHS = NO;
				ASSETCATALOG_COMPILER_GENERATE_SWIFT_ASSET_SYMBOL_EXTENSIONS = YES;
				CLANG_ANALYZER_NONNULL = YES;
				CLANG_ANALYZER_NUMBER_OBJECT_CONVERSION = YES_AGGRESSIVE;
				CLANG_CXX_LANGUAGE_STANDARD = "gnu++20";
				CLANG_ENABLE_MODULES = YES;
				CLANG_ENABLE_OBJC_ARC = YES;
				CLANG_ENABLE_OBJC_WEAK = YES;
				CLANG_WARN_BLOCK_CAPTURE_AUTORELEASING = YES;
				CLANG_WARN_BOOL_CONVERSION = YES;
				CLANG_WARN_COMMA = YES;
				CLANG_WARN_CONSTANT_CONVERSION = YES;
				CLANG_WARN_DEPRECATED_OBJC_IMPLEMENTATIONS = YES;
				CLANG_WARN_DIRECT_OBJC_ISA_USAGE = YES_ERROR;
				CLANG_WARN_DOCUMENTATION_COMMENTS = YES;
				CLANG_WARN_EMPTY_BODY = YES;
				CLANG_WARN_ENUM_CONVERSION = YES;
				CLANG_WARN_INFINITE_RECURSION = YES;
				CLANG_WARN_INT_CONVERSION = YES;
				CLANG_WARN_NON_LITERAL_NULL_CONVERSION = YES;
				CLANG_WARN_OBJC_IMPLICIT_RETAIN_SELF = YES;
				CLANG_WARN_OBJC_LITERAL_CONVERSION = YES;
				CLANG_WARN_OBJC_ROOT_CLASS = YES_ERROR;
				CLANG_WARN_QUOTED_INCLUDE_IN_FRAMEWORK_HEADER = YES;
				CLANG_WARN_RANGE_LOOP_ANALYSIS = YES;
				CLANG_WARN_STRICT_PROTOTYPES = YES;
				CLANG_WARN_SUSPICIOUS_MOVE = YES;
				CLANG_WARN_UNGUARDED_AVAILABILITY = YES_AGGRESSIVE;
				CLANG_WARN_UNREACHABLE_CODE = YES;
				CLANG_WARN__DUPLICATE_METHOD_MATCH = YES;
				COPY_PHASE_STRIP = NO;
				DEBUG_INFORMATION_FORMAT = dwarf;
				DEVELOPMENT_TEAM = LX474376F5;
				ENABLE_STRICT_OBJC_MSGSEND = YES;
				ENABLE_TESTABILITY = YES;
				ENABLE_USER_SCRIPT_SANDBOXING = YES;
				GCC_C_LANGUAGE_STANDARD = gnu17;
				GCC_DYNAMIC_NO_PIC = NO;
				GCC_NO_COMMON_BLOCKS = YES;
				GCC_OPTIMIZATION_LEVEL = 0;
				GCC_PREPROCESSOR_DEFINITIONS = (
					"DEBUG=1",
					"$(inherited)",
				);
				GCC_WARN_64_TO_32_BIT_CONVERSION = YES;
				GCC_WARN_ABOUT_RETURN_TYPE = YES_ERROR;
				GCC_WARN_UNDECLARED_SELECTOR = YES;
				GCC_WARN_UNINITIALIZED_AUTOS = YES_AGGRESSIVE;
				GCC_WARN_UNUSED_FUNCTION = YES;
				GCC_WARN_UNUSED_VARIABLE = YES;
				IPHONEOS_DEPLOYMENT_TARGET = 26.0;
				LOCALIZATION_PREFERS_STRING_CATALOGS = YES;
				MTL_ENABLE_DEBUG_INFO = INCLUDE_SOURCE;
				MTL_FAST_MATH = YES;
				ONLY_ACTIVE_ARCH = YES;
				SDKROOT = iphoneos;
				SWIFT_ACTIVE_COMPILATION_CONDITIONS = "DEBUG $(inherited)";
				SWIFT_OPTIMIZATION_LEVEL = "-Onone";
			};
			name = Debug;
		};
		5B8D42E02ECD5BE2007C6FAC /* Release */ = {
			isa = XCBuildConfiguration;
			buildSettings = {
				ALWAYS_SEARCH_USER_PATHS = NO;
				ASSETCATALOG_COMPILER_GENERATE_SWIFT_ASSET_SYMBOL_EXTENSIONS = YES;
				CLANG_ANALYZER_NONNULL = YES;
				CLANG_ANALYZER_NUMBER_OBJECT_CONVERSION = YES_AGGRESSIVE;
				CLANG_CXX_LANGUAGE_STANDARD = "gnu++20";
				CLANG_ENABLE_MODULES = YES;
				CLANG_ENABLE_OBJC_ARC = YES;
				CLANG_ENABLE_OBJC_WEAK = YES;
				CLANG_WARN_BLOCK_CAPTURE_AUTORELEASING = YES;
				CLANG_WARN_BOOL_CONVERSION = YES;
				CLANG_WARN_COMMA = YES;
				CLANG_WARN_CONSTANT_CONVERSION = YES;
				CLANG_WARN_DEPRECATED_OBJC_IMPLEMENTATIONS = YES;
				CLANG_WARN_DIRECT_OBJC_ISA_USAGE = YES_ERROR;
				CLANG_WARN_DOCUMENTATION_COMMENTS = YES;
				CLANG_WARN_EMPTY_BODY = YES;
				CLANG_WARN_ENUM_CONVERSION = YES;
				CLANG_WARN_INFINITE_RECURSION = YES;
				CLANG_WARN_INT_CONVERSION = YES;
				CLANG_WARN_NON_LITERAL_NULL_CONVERSION = YES;
				CLANG_WARN_OBJC_IMPLICIT_RETAIN_SELF = YES;
				CLANG_WARN_OBJC_LITERAL_CONVERSION = YES;
				CLANG_WARN_OBJC_ROOT_CLASS = YES_ERROR;
				CLANG_WARN_QUOTED_INCLUDE_IN_FRAMEWORK_HEADER = YES;
				CLANG_WARN_RANGE_LOOP_ANALYSIS = YES;
				CLANG_WARN_STRICT_PROTOTYPES = YES;
				CLANG_WARN_SUSPICIOUS_MOVE = YES;
				CLANG_WARN_UNGUARDED_AVAILABILITY = YES_AGGRESSIVE;
				CLANG_WARN_UNREACHABLE_CODE = YES;
				CLANG_WARN__DUPLICATE_METHOD_MATCH = YES;
				COPY_PHASE_STRIP = NO;
				DEBUG_INFORMATION_FORMAT = "dwarf-with-dsym";
				DEVELOPMENT_TEAM = LX474376F5;
				ENABLE_NS_ASSERTIONS = NO;
				ENABLE_STRICT_OBJC_MSGSEND = YES;
				ENABLE_USER_SCRIPT_SANDBOXING = YES;
				GCC_C_LANGUAGE_STANDARD = gnu17;
				GCC_NO_COMMON_BLOCKS = YES;
				GCC_WARN_64_TO_32_BIT_CONVERSION = YES;
				GCC_WARN_ABOUT_RETURN_TYPE = YES_ERROR;
				GCC_WARN_UNDECLARED_SELECTOR = YES;
				GCC_WARN_UNINITIALIZED_AUTOS = YES_AGGRESSIVE;
				GCC_WARN_UNUSED_FUNCTION = YES;
				GCC_WARN_UNUSED_VARIABLE = YES;
				IPHONEOS_DEPLOYMENT_TARGET = 26.0;
				LOCALIZATION_PREFERS_STRING_CATALOGS = YES;
				MTL_ENABLE_DEBUG_INFO = NO;
				MTL_FAST_MATH = YES;
				SDKROOT = iphoneos;
				SWIFT_COMPILATION_MODE = wholemodule;
				VALIDATE_PRODUCT = YES;
			};
			name = Release;
		};
/* End XCBuildConfiguration section */

/* Begin XCConfigurationList section */
		5B8D42C42ECD5BDF007C6FAC /* Build configuration list for PBXProject "Hango-ios" */ = {
			isa = XCConfigurationList;
			buildConfigurations = (
				5B8D42DF2ECD5BE2007C6FAC /* Debug */,
				5B8D42E02ECD5BE2007C6FAC /* Release */,
			);
			defaultConfigurationIsVisible = 0;
			defaultConfigurationName = Release;
		};
		5B8D42DC2ECD5BE2007C6FAC /* Build configuration list for PBXNativeTarget "Hango-ios" */ = {
			isa = XCConfigurationList;
			buildConfigurations = (
				5B8D42DD2ECD5BE2007C6FAC /* Debug */,
				5B8D42DE2ECD5BE2007C6FAC /* Release */,
			);
			defaultConfigurationIsVisible = 0;
			defaultConfigurationName = Release;
		};
/* End XCConfigurationList section */
	};
	rootObject = 5B8D42C12ECD5BDF007C6FAC /* Project object */;
}
